
Microsoft Visual Studio Solution File, Format Version 12.00
# Visual Studio Version 17
VisualStudioVersion = 17.4.33122.133
MinimumVisualStudioVersion = 10.0.40219.1
Project("{FAE04EC0-301F-11D3-BF4B-00C04F79EFBC}") = "PaymentGateway", "PaymentGateway\PaymentGateway.csproj", "{EC0B092C-62C0-4CE9-8179-0C9EADC414BB}"
EndProject
Global
	GlobalSection(SolutionConfigurationPlatforms) = preSolution
		Debug|Any CPU = Debug|Any CPU
		Release|Any CPU = Release|Any CPU
	EndGlobalSection
	GlobalSection(ProjectConfigurationPlatforms) = postSolution
		{EC0B092C-62C0-4CE9-8179-0C9EADC414BB}.Debug|Any CPU.ActiveCfg = Debug|Any CPU
		{EC0B092C-62C0-4CE9-8179-0C9EADC414BB}.Debug|Any CPU.Build.0 = Debug|Any CPU
		{EC0B092C-62C0-4CE9-8179-0C9EADC414BB}.Release|Any CPU.ActiveCfg = Release|Any CPU
		{EC0B092C-62C0-4CE9-8179-0C9EADC414BB}.Release|Any CPU.Build.0 = Release|Any CPU
	EndGlobalSection
	GlobalSection(SolutionProperties) = preSolution
		HideSolutionNode = FALSE
	EndGlobalSection
	GlobalSection(ExtensibilityGlobals) = postSolution
		SolutionGuid = {AA1017A8-08E0-4B4E-852C-14FED60AE837}
	EndGlobalSection
EndGlobal
